
Microsoft Visual Studio Solution File, Format Version 11.00
# Visual Studio 2010
Project("{FAE04EC0-301F-11D3-BF4B-00C04F79EFBC}") = "HelloWorldService", "HelloWorldService\HelloWorldService.csproj", "{921B8457-B22D-4198-9C9F-7BC51AC63170}"
EndProject
Project("{E24C65DC-7377-472B-9ABA-BC803B73C61A}") = "HostDevServer", "HostDevServer\", "{757C802C-06AF-42B5-9186-667284E02F37}"
	ProjectSection(WebsiteProperties) = preProject
		TargetFrameworkMoniker = ".NETFramework,Version%3Dv4.0"
		ProjectReferences = "{921B8457-B22D-4198-9C9F-7BC51AC63170}|HelloWorldService.dll;"
		Debug.AspNetCompiler.VirtualPath = "/HostDevServer"
		Debug.AspNetCompiler.PhysicalPath = "HostDevServer\"
		Debug.AspNetCompiler.TargetPath = "PrecompiledWeb\HostDevServer\"
		Debug.AspNetCompiler.Updateable = "true"
		Debug.AspNetCompiler.ForceOverwrite = "true"
		Debug.AspNetCompiler.FixedNames = "false"
		Debug.AspNetCompiler.Debug = "True"
		Release.AspNetCompiler.VirtualPath = "/HostDevServer"
		Release.AspNetCompiler.PhysicalPath = "HostDevServer\"
		Release.AspNetCompiler.TargetPath = "PrecompiledWeb\HostDevServer\"
		Release.AspNetCompiler.Updateable = "true"
		Release.AspNetCompiler.ForceOverwrite = "true"
		Release.AspNetCompiler.FixedNames = "false"
		Release.AspNetCompiler.Debug = "False"
		VWDPort = "5055"
		VWDDynamicPort = "false"
		DefaultWebSiteLanguage = "Visual C#"
	EndProjectSection
EndProject
Project("{FAE04EC0-301F-11D3-BF4B-00C04F79EFBC}") = "HelloWorldClient", "HelloWorldClient\HelloWorldClient.csproj", "{FC9DD71E-70DA-407A-A780-38BD460BDC40}"
EndProject
Project("{FAE04EC0-301F-11D3-BF4B-00C04F79EFBC}") = "HostCmdLineApp", "HostCmdLineApp\HostCmdLineApp.csproj", "{DD24266E-65CA-46A9-A5E0-3E3E281AA2DF}"
EndProject
Global
	GlobalSection(SolutionConfigurationPlatforms) = preSolution
		Debug|Any CPU = Debug|Any CPU
		Debug|Mixed Platforms = Debug|Mixed Platforms
		Debug|x86 = Debug|x86
		Release|Any CPU = Release|Any CPU
		Release|Mixed Platforms = Release|Mixed Platforms
		Release|x86 = Release|x86
	EndGlobalSection
	GlobalSection(ProjectConfigurationPlatforms) = postSolution
		{921B8457-B22D-4198-9C9F-7BC51AC63170}.Debug|Any CPU.ActiveCfg = Debug|Any CPU
		{921B8457-B22D-4198-9C9F-7BC51AC63170}.Debug|Any CPU.Build.0 = Debug|Any CPU
		{921B8457-B22D-4198-9C9F-7BC51AC63170}.Debug|Mixed Platforms.ActiveCfg = Debug|Any CPU
		{921B8457-B22D-4198-9C9F-7BC51AC63170}.Debug|Mixed Platforms.Build.0 = Debug|Any CPU
		{921B8457-B22D-4198-9C9F-7BC51AC63170}.Debug|x86.ActiveCfg = Debug|Any CPU
		{921B8457-B22D-4198-9C9F-7BC51AC63170}.Release|Any CPU.ActiveCfg = Release|Any CPU
		{921B8457-B22D-4198-9C9F-7BC51AC63170}.Release|Any CPU.Build.0 = Release|Any CPU
		{921B8457-B22D-4198-9C9F-7BC51AC63170}.Release|Mixed Platforms.ActiveCfg = Release|Any CPU
		{921B8457-B22D-4198-9C9F-7BC51AC63170}.Release|Mixed Platforms.Build.0 = Release|Any CPU
		{921B8457-B22D-4198-9C9F-7BC51AC63170}.Release|x86.ActiveCfg = Release|Any CPU
		{757C802C-06AF-42B5-9186-667284E02F37}.Debug|Any CPU.ActiveCfg = Debug|Any CPU
		{757C802C-06AF-42B5-9186-667284E02F37}.Debug|Any CPU.Build.0 = Debug|Any CPU
		{757C802C-06AF-42B5-9186-667284E02F37}.Debug|Mixed Platforms.ActiveCfg = Debug|Any CPU
		{757C802C-06AF-42B5-9186-667284E02F37}.Debug|Mixed Platforms.Build.0 = Debug|Any CPU
		{757C802C-06AF-42B5-9186-667284E02F37}.Debug|x86.ActiveCfg = Debug|Any CPU
		{757C802C-06AF-42B5-9186-667284E02F37}.Release|Any CPU.ActiveCfg = Debug|Any CPU
		{757C802C-06AF-42B5-9186-667284E02F37}.Release|Any CPU.Build.0 = Debug|Any CPU
		{757C802C-06AF-42B5-9186-667284E02F37}.Release|Mixed Platforms.ActiveCfg = Debug|Any CPU
		{757C802C-06AF-42B5-9186-667284E02F37}.Release|Mixed Platforms.Build.0 = Debug|Any CPU
		{757C802C-06AF-42B5-9186-667284E02F37}.Release|x86.ActiveCfg = Debug|Any CPU
		{FC9DD71E-70DA-407A-A780-38BD460BDC40}.Debug|Any CPU.ActiveCfg = Debug|x86
		{FC9DD71E-70DA-407A-A780-38BD460BDC40}.Debug|Mixed Platforms.ActiveCfg = Debug|x86
		{FC9DD71E-70DA-407A-A780-38BD460BDC40}.Debug|Mixed Platforms.Build.0 = Debug|x86
		{FC9DD71E-70DA-407A-A780-38BD460BDC40}.Debug|x86.ActiveCfg = Debug|x86
		{FC9DD71E-70DA-407A-A780-38BD460BDC40}.Debug|x86.Build.0 = Debug|x86
		{FC9DD71E-70DA-407A-A780-38BD460BDC40}.Release|Any CPU.ActiveCfg = Release|x86
		{FC9DD71E-70DA-407A-A780-38BD460BDC40}.Release|Mixed Platforms.ActiveCfg = Release|x86
		{FC9DD71E-70DA-407A-A780-38BD460BDC40}.Release|Mixed Platforms.Build.0 = Release|x86
		{FC9DD71E-70DA-407A-A780-38BD460BDC40}.Release|x86.ActiveCfg = Release|x86
		{FC9DD71E-70DA-407A-A780-38BD460BDC40}.Release|x86.Build.0 = Release|x86
		{DD24266E-65CA-46A9-A5E0-3E3E281AA2DF}.Debug|Any CPU.ActiveCfg = Debug|x86
		{DD24266E-65CA-46A9-A5E0-3E3E281AA2DF}.Debug|Mixed Platforms.ActiveCfg = Debug|x86
		{DD24266E-65CA-46A9-A5E0-3E3E281AA2DF}.Debug|Mixed Platforms.Build.0 = Debug|x86
		{DD24266E-65CA-46A9-A5E0-3E3E281AA2DF}.Debug|x86.ActiveCfg = Debug|x86
		{DD24266E-65CA-46A9-A5E0-3E3E281AA2DF}.Debug|x86.Build.0 = Debug|x86
		{DD24266E-65CA-46A9-A5E0-3E3E281AA2DF}.Release|Any CPU.ActiveCfg = Release|x86
		{DD24266E-65CA-46A9-A5E0-3E3E281AA2DF}.Release|Mixed Platforms.ActiveCfg = Release|x86
		{DD24266E-65CA-46A9-A5E0-3E3E281AA2DF}.Release|Mixed Platforms.Build.0 = Release|x86
		{DD24266E-65CA-46A9-A5E0-3E3E281AA2DF}.Release|x86.ActiveCfg = Release|x86
		{DD24266E-65CA-46A9-A5E0-3E3E281AA2DF}.Release|x86.Build.0 = Release|x86
	EndGlobalSection
	GlobalSection(SolutionProperties) = preSolution
		HideSolutionNode = FALSE
	EndGlobalSection
EndGlobal
